#MicroXplorer Configuration settings - do not modify
File.Version=6
KeepUserPlacement=false
Mcu.Family=STM32F0
Mcu.IP0=NVIC
Mcu.IP1=RCC
Mcu.IP2=SYS
Mcu.IP3=TIM14
Mcu.IP4=USART1
Mcu.IPNb=5
Mcu.Name=STM32F030F4Px
Mcu.Package=TSSOP20
Mcu.Pin0=PA2
Mcu.Pin1=PA3
Mcu.Pin2=PA4
Mcu.Pin3=PA9
Mcu.Pin4=PA10
Mcu.Pin5=VP_SYS_VS_Systick
Mcu.Pin6=VP_TIM14_VS_ClockSourceINT
Mcu.PinsNb=7
Mcu.UserConstants=
Mcu.UserName=STM32F030F4Px
MxCube.Version=4.23.0
MxDb.Version=DB.4.0.230
NVIC.HardFault_IRQn=true\:0\:0\:false\:false\:true\:false
NVIC.NonMaskableInt_IRQn=true\:0\:0\:false\:false\:true\:false
NVIC.PendSV_IRQn=true\:0\:0\:false\:false\:true\:false
NVIC.SVC_IRQn=true\:0\:0\:false\:false\:true\:false
NVIC.SysTick_IRQn=true\:0\:0\:false\:false\:true\:false
NVIC.USART1_IRQn=true\:0\:0\:false\:true\:true\:1\:true
PA10.GPIOParameters=GPIO_PuPd
PA10.GPIO_PuPd=GPIO_NOPULL
PA10.Locked=true
PA10.Signal=GPIO_Output
PA2.Mode=Asynchronous
PA2.Signal=USART1_TX
PA3.Mode=Asynchronous
PA3.Signal=USART1_RX
PA4.Locked=true
PA4.Signal=S_TIM14_CH1
PA9.GPIOParameters=GPIO_PuPd
PA9.GPIO_PuPd=GPIO_NOPULL
PA9.Locked=true
PA9.Signal=GPIO_Output
PCC.Checker=false
PCC.Line=STM32F0x0 Value Line
PCC.MCU=STM32F030F4Px
PCC.PartNumber=STM32F030F4Px
PCC.Seq0=0
PCC.Series=STM32F0
PCC.Temperature=25
PCC.Vdd=3.6
PinOutPanel.RotationAngle=0
ProjectManager.AskForMigrate=true
ProjectManager.BackupPrevious=false
ProjectManager.CompilerOptimize=2
ProjectManager.ComputerToolchain=false
ProjectManager.CoupleFile=true
ProjectManager.CustomerFirmwarePackage=C\:/Users/Leedarson-HW/STM32Cube/Repository/STM32Cube_FW_F0_V1.9.0
ProjectManager.DefaultFWLocation=true
ProjectManager.DeletePrevious=true
ProjectManager.DeviceId=STM32F030F4Px
ProjectManager.FirmwarePackage=STM32Cube FW_F0 V1.9.0
ProjectManager.FreePins=false
ProjectManager.HalAssertFull=false
ProjectManager.HeapSize=0x200
ProjectManager.KeepUserCode=true
ProjectManager.LastFirmware=true
ProjectManager.LibraryCopy=0
ProjectManager.PreviousToolchain=
ProjectManager.ProjectBuild=false
ProjectManager.ProjectFileName=UART&PWM_2.ioc
ProjectManager.ProjectName=UART&PWM_2
ProjectManager.StackSize=0x400
ProjectManager.TargetToolchain=MDK-ARM V5
ProjectManager.ToolChainLocation=
ProjectManager.UnderRoot=false
ProjectManager.functionlistsort=1-MX_GPIO_Init-GPIO-false-HAL,2-SystemClock_Config-RCC-false-HAL,3-MX_USART1_UART_Init-USART1-false-HAL,4-MX_TIM14_Init-TIM14-false-HAL
RCC.FamilyName=M
RCC.IPParameters=FamilyName,PLLCLKFreq_Value,TimSysFreq_Value
RCC.PLLCLKFreq_Value=8000000
RCC.TimSysFreq_Value=8000000
SH.S_TIM14_CH1.0=TIM14_CH1,PWM Generation1 CH1
SH.S_TIM14_CH1.ConfNb=1
TIM14.Channel=TIM_CHANNEL_1
TIM14.IPParameters=Period,Prescaler,Channel
TIM14.Period=200
TIM14.Prescaler=24
USART1.BaudRate=115200
USART1.IPParameters=VirtualMode-Asynchronous,BaudRate
USART1.VirtualMode-Asynchronous=VM_ASYNC
VP_SYS_VS_Systick.Mode=SysTick
VP_SYS_VS_Systick.Signal=SYS_VS_Systick
VP_TIM14_VS_ClockSourceINT.Mode=Enable_Timer
VP_TIM14_VS_ClockSourceINT.Signal=TIM14_VS_ClockSourceINT
board=UART&PWM_2
